
Microsoft Visual Studio Solution File, Format Version 12.00
# Visual Studio Version 16
VisualStudioVersion = 16.0.29709.97
MinimumVisualStudioVersion = 10.0.40219.1
Project("{FAE04EC0-301F-11D3-BF4B-00C04F79EFBC}") = "ContactApp", "ContactApp\ContactApp.csproj", "{5D71C529-78BA-4AED-A778-5A3FAE156310}"
EndProject
Project("{FAE04EC0-301F-11D3-BF4B-00C04F79EFBC}") = "ContactDB", "ContactDB\ContactDB.csproj", "{81219FDA-D430-4B9D-A2DF-C660B4E46B96}"
EndProject
Project("{FAE04EC0-301F-11D3-BF4B-00C04F79EFBC}") = "ContactRepository", "ContactRepository\ContactRepository.csproj", "{2B83D77D-E5FD-48D3-9100-CFF8D37268F5}"
EndProject
Global
	GlobalSection(SolutionConfigurationPlatforms) = preSolution
		Debug|Any CPU = Debug|Any CPU
		Release|Any CPU = Release|Any CPU
	EndGlobalSection
	GlobalSection(ProjectConfigurationPlatforms) = postSolution
		{5D71C529-78BA-4AED-A778-5A3FAE156310}.Debug|Any CPU.ActiveCfg = Debug|Any CPU
		{5D71C529-78BA-4AED-A778-5A3FAE156310}.Debug|Any CPU.Build.0 = Debug|Any CPU
		{5D71C529-78BA-4AED-A778-5A3FAE156310}.Release|Any CPU.ActiveCfg = Release|Any CPU
		{5D71C529-78BA-4AED-A778-5A3FAE156310}.Release|Any CPU.Build.0 = Release|Any CPU
		{81219FDA-D430-4B9D-A2DF-C660B4E46B96}.Debug|Any CPU.ActiveCfg = Debug|Any CPU
		{81219FDA-D430-4B9D-A2DF-C660B4E46B96}.Debug|Any CPU.Build.0 = Debug|Any CPU
		{81219FDA-D430-4B9D-A2DF-C660B4E46B96}.Release|Any CPU.ActiveCfg = Release|Any CPU
		{81219FDA-D430-4B9D-A2DF-C660B4E46B96}.Release|Any CPU.Build.0 = Release|Any CPU
		{2B83D77D-E5FD-48D3-9100-CFF8D37268F5}.Debug|Any CPU.ActiveCfg = Debug|Any CPU
		{2B83D77D-E5FD-48D3-9100-CFF8D37268F5}.Debug|Any CPU.Build.0 = Debug|Any CPU
		{2B83D77D-E5FD-48D3-9100-CFF8D37268F5}.Release|Any CPU.ActiveCfg = Release|Any CPU
		{2B83D77D-E5FD-48D3-9100-CFF8D37268F5}.Release|Any CPU.Build.0 = Release|Any CPU
	EndGlobalSection
	GlobalSection(SolutionProperties) = preSolution
		HideSolutionNode = FALSE
	EndGlobalSection
	GlobalSection(ExtensibilityGlobals) = postSolution
		SolutionGuid = {6630DAC9-E13B-4A13-9669-2116DA75BE40}
	EndGlobalSection
EndGlobal
